# This file is automatically @generated by Cargo.
# It is not intended for manual editing.
version = 4

[[package]]
name = "may_ast"
version = "0.1.0"

[[package]]
name = "may_check"
version = "0.1.0"
dependencies = [
 "may_ast",
]

[[package]]
name = "may_cli"
version = "0.1.0"
dependencies = [
 "may_ast",
 "may_check",
 "may_lexer",
 "may_native",
 "may_parser",
]

[[package]]
name = "may_lexer"
version = "0.1.0"

[[package]]
name = "may_lsp"
version = "0.1.0"
dependencies = [
 "may_ast",
 "may_check",
 "may_lexer",
 "may_parser",
]

[[package]]
name = "may_native"
version = "0.1.0"
dependencies = [
 "may_ast",
 "may_parser",
]

[[package]]
name = "may_parser"
version = "0.1.0"
dependencies = [
 "may_ast",
 "may_lexer",
]
