{"modules":{"/home/mirged/Projects/maylang/example_projects/games/starfall/main.may":"ca75bf38","/home/mirged/Projects/maylang/example_projects/games/starfall/src/game.may":"e57bd52d","/home/mirged/Projects/maylang/example_projects/games/starfall/src/model.may":"cc91385c","/home/mirged/Projects/maylang/example_projects/games/starfall/src/view.may":"0018aeae"},"name":"starfall","version":"0.1.0"}
