{"modules":{"/home/mirged/Projects/maylang/toolchain/mayos/main.may":"f4cea63c","/home/mirged/Projects/maylang/toolchain/mayos/src/console.may":"44351a1f","/home/mirged/Projects/maylang/toolchain/mayos/src/disk.may":"d4ee3719","/home/mirged/Projects/maylang/toolchain/mayos/src/filesystem.may":"bfedcaa5","/home/mirged/Projects/maylang/toolchain/mayos/src/hardware.may":"169f0e20","/home/mirged/Projects/maylang/toolchain/mayos/src/memory.may":"197eaf1e","/home/mirged/Projects/maylang/toolchain/mayos/src/shell.may":"486de269"},"name":"mayos","version":"0.1.0"}
