{"modules":{"/home/mirged/Projects/maylang/example_projects/simulations/kaindsim/main.may":"ab2729d2","/home/mirged/Projects/maylang/example_projects/simulations/kaindsim/src/hydrology.may":"5e446364","/home/mirged/Projects/maylang/example_projects/simulations/kaindsim/src/model.may":"2acac9d6","/home/mirged/Projects/maylang/example_projects/simulations/kaindsim/src/view.may":"444005ca"},"name":"kaindsim","version":"0.1.0"}
