{"modules":{"/home/mirged/Projects/maylang/example_projects/tools/rivet/main.may":"c69c7250","/home/mirged/Projects/maylang/example_projects/tools/rivet/src/codec.may":"81fcd5bf","/home/mirged/Projects/maylang/example_projects/tools/rivet/src/os.may":"823c3573","/home/mirged/Projects/maylang/example_projects/tools/rivet/src/report.may":"0d637919","/home/mirged/Projects/maylang/example_projects/tools/rivet/src/storage.may":"da1fe4ec","/home/mirged/Projects/maylang/stdlib/algo.may":"dd2bea77","/home/mirged/Projects/maylang/stdlib/csv.may":"e05e5e13","/home/mirged/Projects/maylang/stdlib/format.may":"893bb333","/home/mirged/Projects/maylang/stdlib/io.may":"eaffb80c","/home/mirged/Projects/maylang/stdlib/path.may":"e30dfab4"},"name":"rivet","version":"0.1.0"}
